// !$*UTF8*$!
{
	archiveVersion = 1;
	classes = {
	};
	objectVersion = 50;
	objects = {

/* Begin PBXBuildFile section */
		AA94E6E82451194800C2E36E /* AppDelegate.swift in Sources */ = {isa = PBXBuildFile; fileRef = AA94E6E72451194800C2E36E /* AppDelegate.swift */; };
		AA94E6EA2451194800C2E36E /* SceneDelegate.swift in Sources */ = {isa = PBXBuildFile; fileRef = AA94E6E92451194800C2E36E /* SceneDelegate.swift */; };
		AA94E6EC2451194800C2E36E /* ViewController.swift in Sources */ = {isa = PBXBuildFile; fileRef = AA94E6EB2451194800C2E36E /* ViewController.swift */; };
		AA94E6EF2451194800C2E36E /* Main.storyboard in Resources */ = {isa = PBXBuildFile; fileRef = AA94E6ED2451194800C2E36E /* Main.storyboard */; };
		AA94E6F12451194900C2E36E /* Assets.xcassets in Resources */ = {isa = PBXBuildFile; fileRef = AA94E6F02451194900C2E36E /* Assets.xcassets */; };
		AA94E6F42451194900C2E36E /* LaunchScreen.storyboard in Resources */ = {isa = PBXBuildFile; fileRef = AA94E6F22451194900C2E36E /* LaunchScreen.storyboard */; };
/* End PBXBuildFile section */

/* Begin PBXFileReference section */
		AA94E6E42451194800C2E36E /* UniversalLinksDemoApp.app */ = {isa = PBXFileReference; explicitFileType = wrapper.application; includeInIndex = 0; path = UniversalLinksDemoApp.app; sourceTree = BUILT_PRODUCTS_DIR; };
		AA94E6E72451194800C2E36E /* AppDelegate.swift */ = {isa = PBXFileReference; lastKnownFileType = sourcecode.swift; path = AppDelegate.swift; sourceTree = "<group>"; };
		AA94E6E92451194800C2E36E /* SceneDelegate.swift */ = {isa = PBXFileReference; lastKnownFileType = sourcecode.swift; path = SceneDelegate.swift; sourceTree = "<group>"; };
		AA94E6EB2451194800C2E36E /* ViewController.swift */ = {isa = PBXFileReference; lastKnownFileType = sourcecode.swift; path = ViewController.swift; sourceTree = "<group>"; };
		AA94E6EE2451194800C2E36E /* Base */ = {isa = PBXFileReference; lastKnownFileType = file.storyboard; name = Base; path = Base.lproj/Main.storyboard; sourceTree = "<group>"; };
		AA94E6F02451194900C2E36E /* Assets.xcassets */ = {isa = PBXFileReference; lastKnownFileType = folder.assetcatalog; path = Assets.xcassets; sourceTree = "<group>"; };
		AA94E6F32451194900C2E36E /* Base */ = {isa = PBXFileReference; lastKnownFileType = file.storyboard; name = Base; path = Base.lproj/LaunchScreen.storyboard; sourceTree = "<group>"; };
		AA94E6F52451194900C2E36E /* Info.plist */ = {isa = PBXFileReference; lastKnownFileType = text.plist.xml; path = Info.plist; sourceTree = "<group>"; };
		AA94E6FB24511A3600C2E36E /* UniversalLinksDemoApp.entitlements */ = {isa = PBXFileReference; lastKnownFileType = text.plist.entitlements; path = UniversalLinksDemoApp.entitlements; sourceTree = "<group>"; };
/* End PBXFileReference section */

/* Begin PBXFrameworksBuildPhase section */
		AA94E6E12451194800C2E36E /* Frameworks */ = {
			isa = PBXFrameworksBuildPhase;
			buildActionMask = 2147483647;
			files = (
			);
			runOnlyForDeploymentPostprocessing = 0;
		};
/* End PBXFrameworksBuildPhase section */

/* Begin PBXGroup section */
		AA94E6DB2451194800C2E36E = {
			isa = PBXGroup;
			children = (
				AA94E6E62451194800C2E36E /* UniversalLinksDemoApp */,
				AA94E6E52451194800C2E36E /* Products */,
			);
			sourceTree = "<group>";
		};
		AA94E6E52451194800C2E36E /* Products */ = {
			isa = PBXGroup;
			children = (
				AA94E6E42451194800C2E36E /* UniversalLinksDemoApp.app */,
			);
			name = Products;
			sourceTree = "<group>";
		};
		AA94E6E62451194800C2E36E /* UniversalLinksDemoApp */ = {
			isa = PBXGroup;
			children = (
				AA94E6FB24511A3600C2E36E /* UniversalLinksDemoApp.entitlements */,
				AA94E6E72451194800C2E36E /* AppDelegate.swift */,
				AA94E6E92451194800C2E36E /* SceneDelegate.swift */,
				AA94E6EB2451194800C2E36E /* ViewController.swift */,
				AA94E6ED2451194800C2E36E /* Main.storyboard */,
				AA94E6F02451194900C2E36E /* Assets.xcassets */,
				AA94E6F22451194900C2E36E /* LaunchScreen.storyboard */,
				AA94E6F52451194900C2E36E /* Info.plist */,
			);
			path = UniversalLinksDemoApp;
			sourceTree = "<group>";
		};
/* End PBXGroup section */

/* Begin PBXNativeTarget section */
		AA94E6E32451194800C2E36E /* UniversalLinksDemoApp */ = {
			isa = PBXNativeTarget;
			buildConfigurationList = AA94E6F82451194900C2E36E /* Build configuration list for PBXNativeTarget "UniversalLinksDemoApp" */;
			buildPhases = (
				AA94E6E02451194800C2E36E /* Sources */,
				AA94E6E12451194800C2E36E /* Frameworks */,
				AA94E6E22451194800C2E36E /* Resources */,
			);
			buildRules = (
			);
			dependencies = (
			);
			name = UniversalLinksDemoApp;
			productName = UniversalLinksDemoApp;
			productReference = AA94E6E42451194800C2E36E /* UniversalLinksDemoApp.app */;
			productType = "com.apple.product-type.application";
		};
/* End PBXNativeTarget section */

/* Begin PBXProject section */
		AA94E6DC2451194800C2E36E /* Project object */ = {
			isa = PBXProject;
			attributes = {
				LastSwiftUpdateCheck = 1140;
				LastUpgradeCheck = 1140;
				ORGANIZATIONNAME = "Shagun Madhikarmi";
				TargetAttributes = {
					AA94E6E32451194800C2E36E = {
						CreatedOnToolsVersion = 11.4;
					};
				};
			};
			buildConfigurationList = AA94E6DF2451194800C2E36E /* Build configuration list for PBXProject "UniversalLinksDemoApp" */;
			compatibilityVersion = "Xcode 9.3";
			developmentRegion = en;
			hasScannedForEncodings = 0;
			knownRegions = (
				en,
				Base,
			);
			mainGroup = AA94E6DB2451194800C2E36E;
			productRefGroup = AA94E6E52451194800C2E36E /* Products */;
			projectDirPath = "";
			projectRoot = "";
			targets = (
				AA94E6E32451194800C2E36E /* UniversalLinksDemoApp */,
			);
		};
/* End PBXProject section */

/* Begin PBXResourcesBuildPhase section */
		AA94E6E22451194800C2E36E /* Resources */ = {
			isa = PBXResourcesBuildPhase;
			buildActionMask = 2147483647;
			files = (
				AA94E6F42451194900C2E36E /* LaunchScreen.storyboard in Resources */,
				AA94E6F12451194900C2E36E /* Assets.xcassets in Resources */,
				AA94E6EF2451194800C2E36E /* Main.storyboard in Resources */,
			);
			runOnlyForDeploymentPostprocessing = 0;
		};
/* End PBXResourcesBuildPhase section */

/* Begin PBXSourcesBuildPhase section */
		AA94E6E02451194800C2E36E /* Sources */ = {
			isa = PBXSourcesBuildPhase;
			buildActionMask = 2147483647;
			files = (
				AA94E6EC2451194800C2E36E /* ViewController.swift in Sources */,
				AA94E6E82451194800C2E36E /* AppDelegate.swift in Sources */,
				AA94E6EA2451194800C2E36E /* SceneDelegate.swift in Sources */,
			);
			runOnlyForDeploymentPostprocessing = 0;
		};
/* End PBXSourcesBuildPhase section */

/* Begin PBXVariantGroup section */
		AA94E6ED2451194800C2E36E /* Main.storyboard */ = {
			isa = PBXVariantGroup;
			children = (
				AA94E6EE2451194800C2E36E /* Base */,
			);
			name = Main.storyboard;
			sourceTree = "<group>";
		};
		AA94E6F22451194900C2E36E /* LaunchScreen.storyboard */ = {
			isa = PBXVariantGroup;
			children = (
				AA94E6F32451194900C2E36E /* Base */,
			);
			name = LaunchScreen.storyboard;
			sourceTree = "<group>";
		};
/* End PBXVariantGroup section */

/* Begin XCBuildConfiguration section */
		AA94E6F62451194900C2E36E /* Debug */ = {
			isa = XCBuildConfiguration;
			buildSettings = {
				ALWAYS_SEARCH_USER_PATHS = NO;
				CLANG_ANALYZER_NONNULL = YES;
				CLANG_ANALYZER_NUMBER_OBJECT_CONVERSION = YES_AGGRESSIVE;
				CLANG_CXX_LANGUAGE_STANDARD = "gnu++14";
				CLANG_CXX_LIBRARY = "libc++";
				CLANG_ENABLE_MODULES = YES;
				CLANG_ENABLE_OBJC_ARC = YES;
				CLANG_ENABLE_OBJC_WEAK = YES;
				CLANG_WARN_BLOCK_CAPTURE_AUTORELEASING = YES;
				CLANG_WARN_BOOL_CONVERSION = YES;
				CLANG_WARN_COMMA = YES;
				CLANG_WARN_CONSTANT_CONVERSION = YES;
				CLANG_WARN_DEPRECATED_OBJC_IMPLEMENTATIONS = YES;
				CLANG_WARN_DIRECT_OBJC_ISA_USAGE = YES_ERROR;
				CLANG_WARN_DOCUMENTATION_COMMENTS = YES;
				CLANG_WARN_EMPTY_BODY = YES;
				CLANG_WARN_ENUM_CONVERSION = YES;
				CLANG_WARN_INFINITE_RECURSION = YES;
				CLANG_WARN_INT_CONVERSION = YES;
				CLANG_WARN_NON_LITERAL_NULL_CONVERSION = YES;
				CLANG_WARN_OBJC_IMPLICIT_RETAIN_SELF = YES;
				CLANG_WARN_OBJC_LITERAL_CONVERSION = YES;
				CLANG_WARN_OBJC_ROOT_CLASS = YES_ERROR;
				CLANG_WARN_RANGE_LOOP_ANALYSIS = YES;
				CLANG_WARN_STRICT_PROTOTYPES = YES;
				CLANG_WARN_SUSPICIOUS_MOVE = YES;
				CLANG_WARN_UNGUARDED_AVAILABILITY = YES_AGGRESSIVE;
				CLANG_WARN_UNREACHABLE_CODE = YES;
				CLANG_WARN__DUPLICATE_METHOD_MATCH = YES;
				COPY_PHASE_STRIP = NO;
				DEBUG_INFORMATION_FORMAT = dwarf;
				ENABLE_STRICT_OBJC_MSGSEND = YES;
				ENABLE_TESTABILITY = YES;
				GCC_C_LANGUAGE_STANDARD = gnu11;
				GCC_DYNAMIC_NO_PIC = NO;
				GCC_NO_COMMON_BLOCKS = YES;
				GCC_OPTIMIZATION_LEVEL = 0;
				GCC_PREPROCESSOR_DEFINITIONS = (
					"DEBUG=1",
					"$(inherited)",
				);
				GCC_WARN_64_TO_32_BIT_CONVERSION = YES;
				GCC_WARN_ABOUT_RETURN_TYPE = YES_ERROR;
				GCC_WARN_UNDECLARED_SELECTOR = YES;
				GCC_WARN_UNINITIALIZED_AUTOS = YES_AGGRESSIVE;
				GCC_WARN_UNUSED_FUNCTION = YES;
				GCC_WARN_UNUSED_VARIABLE = YES;
				IPHONEOS_DEPLOYMENT_TARGET = 13.4;
				MTL_ENABLE_DEBUG_INFO = INCLUDE_SOURCE;
				MTL_FAST_MATH = YES;
				ONLY_ACTIVE_ARCH = YES;
				SDKROOT = iphoneos;
				SWIFT_ACTIVE_COMPILATION_CONDITIONS = DEBUG;
				SWIFT_OPTIMIZATION_LEVEL = "-Onone";
			};
			name = Debug;
		};
		AA94E6F72451194900C2E36E /* Release */ = {
			isa = XCBuildConfiguration;
			buildSettings = {
				ALWAYS_SEARCH_USER_PATHS = NO;
				CLANG_ANALYZER_NONNULL = YES;
				CLANG_ANALYZER_NUMBER_OBJECT_CONVERSION = YES_AGGRESSIVE;
				CLANG_CXX_LANGUAGE_STANDARD = "gnu++14";
				CLANG_CXX_LIBRARY = "libc++";
				CLANG_ENABLE_MODULES = YES;
				CLANG_ENABLE_OBJC_ARC = YES;
				CLANG_ENABLE_OBJC_WEAK = YES;
				CLANG_WARN_BLOCK_CAPTURE_AUTORELEASING = YES;
				CLANG_WARN_BOOL_CONVERSION = YES;
				CLANG_WARN_COMMA = YES;
				CLANG_WARN_CONSTANT_CONVERSION = YES;
				CLANG_WARN_DEPRECATED_OBJC_IMPLEMENTATIONS = YES;
				CLANG_WARN_DIRECT_OBJC_ISA_USAGE = YES_ERROR;
				CLANG_WARN_DOCUMENTATION_COMMENTS = YES;
				CLANG_WARN_EMPTY_BODY = YES;
				CLANG_WARN_ENUM_CONVERSION = YES;
				CLANG_WARN_INFINITE_RECURSION = YES;
				CLANG_WARN_INT_CONVERSION = YES;
				CLANG_WARN_NON_LITERAL_NULL_CONVERSION = YES;
				CLANG_WARN_OBJC_IMPLICIT_RETAIN_SELF = YES;
				CLANG_WARN_OBJC_LITERAL_CONVERSION = YES;
				CLANG_WARN_OBJC_ROOT_CLASS = YES_ERROR;
				CLANG_WARN_RANGE_LOOP_ANALYSIS = YES;
				CLANG_WARN_STRICT_PROTOTYPES = YES;
				CLANG_WARN_SUSPICIOUS_MOVE = YES;
				CLANG_WARN_UNGUARDED_AVAILABILITY = YES_AGGRESSIVE;
				CLANG_WARN_UNREACHABLE_CODE = YES;
				CLANG_WARN__DUPLICATE_METHOD_MATCH = YES;
				COPY_PHASE_STRIP = NO;
				DEBUG_INFORMATION_FORMAT = "dwarf-with-dsym";
				ENABLE_NS_ASSERTIONS = NO;
				ENABLE_STRICT_OBJC_MSGSEND = YES;
				GCC_C_LANGUAGE_STANDARD = gnu11;
				GCC_NO_COMMON_BLOCKS = YES;
				GCC_WARN_64_TO_32_BIT_CONVERSION = YES;
				GCC_WARN_ABOUT_RETURN_TYPE = YES_ERROR;
				GCC_WARN_UNDECLARED_SELECTOR = YES;
				GCC_WARN_UNINITIALIZED_AUTOS = YES_AGGRESSIVE;
				GCC_WARN_UNUSED_FUNCTION = YES;
				GCC_WARN_UNUSED_VARIABLE = YES;
				IPHONEOS_DEPLOYMENT_TARGET = 13.4;
				MTL_ENABLE_DEBUG_INFO = NO;
				MTL_FAST_MATH = YES;
				SDKROOT = iphoneos;
				SWIFT_COMPILATION_MODE = wholemodule;
				SWIFT_OPTIMIZATION_LEVEL = "-O";
				VALIDATE_PRODUCT = YES;
			};
			name = Release;
		};
		AA94E6F92451194900C2E36E /* Debug */ = {
			isa = XCBuildConfiguration;
			buildSettings = {
				ASSETCATALOG_COMPILER_APPICON_NAME = AppIcon;
				CODE_SIGN_ENTITLEMENTS = UniversalLinksDemoApp/UniversalLinksDemoApp.entitlements;
				CODE_SIGN_STYLE = Automatic;
				DEVELOPMENT_TEAM = YE754YUBD2;
				INFOPLIST_FILE = UniversalLinksDemoApp/Info.plist;
				LD_RUNPATH_SEARCH_PATHS = (
					"$(inherited)",
					"@executable_path/Frameworks",
				);
				PRODUCT_BUNDLE_IDENTIFIER = "com.universal-links-demo.UniversalLinksDemoApp";
				PRODUCT_NAME = "$(TARGET_NAME)";
				SWIFT_VERSION = 5.0;
				TARGETED_DEVICE_FAMILY = "1,2";
			};
			name = Debug;
		};
		AA94E6FA2451194900C2E36E /* Release */ = {
			isa = XCBuildConfiguration;
			buildSettings = {
				ASSETCATALOG_COMPILER_APPICON_NAME = AppIcon;
				CODE_SIGN_ENTITLEMENTS = UniversalLinksDemoApp/UniversalLinksDemoApp.entitlements;
				CODE_SIGN_STYLE = Automatic;
				DEVELOPMENT_TEAM = YE754YUBD2;
				INFOPLIST_FILE = UniversalLinksDemoApp/Info.plist;
				LD_RUNPATH_SEARCH_PATHS = (
					"$(inherited)",
					"@executable_path/Frameworks",
				);
				PRODUCT_BUNDLE_IDENTIFIER = "com.universal-links-demo.UniversalLinksDemoApp";
				PRODUCT_NAME = "$(TARGET_NAME)";
				SWIFT_VERSION = 5.0;
				TARGETED_DEVICE_FAMILY = "1,2";
			};
			name = Release;
		};
/* End XCBuildConfiguration section */

/* Begin XCConfigurationList section */
		AA94E6DF2451194800C2E36E /* Build configuration list for PBXProject "UniversalLinksDemoApp" */ = {
			isa = XCConfigurationList;
			buildConfigurations = (
				AA94E6F62451194900C2E36E /* Debug */,
				AA94E6F72451194900C2E36E /* Release */,
			);
			defaultConfigurationIsVisible = 0;
			defaultConfigurationName = Release;
		};
		AA94E6F82451194900C2E36E /* Build configuration list for PBXNativeTarget "UniversalLinksDemoApp" */ = {
			isa = XCConfigurationList;
			buildConfigurations = (
				AA94E6F92451194900C2E36E /* Debug */,
				AA94E6FA2451194900C2E36E /* Release */,
			);
			defaultConfigurationIsVisible = 0;
			defaultConfigurationName = Release;
		};
/* End XCConfigurationList section */
	};
	rootObject = AA94E6DC2451194800C2E36E /* Project object */;
}
